
Microsoft Visual Studio Solution File, Format Version 12.00
# Visual Studio Version 17
VisualStudioVersion = 17.13.35931.197 d17.13
MinimumVisualStudioVersion = 10.0.40219.1
Project("{FAE04EC0-301F-11D3-BF4B-00C04F79EFBC}") = "faliyetdkhesaplama", "faliyetdkhesaplama\faliyetdkhesaplama.csproj", "{5F8926D0-15DD-49B8-886F-903AB59925CF}"
EndProject
Global
	GlobalSection(SolutionConfigurationPlatforms) = preSolution
		Debug|Any CPU = Debug|Any CPU
		Release|Any CPU = Release|Any CPU
	EndGlobalSection
	GlobalSection(ProjectConfigurationPlatforms) = postSolution
		{5F8926D0-15DD-49B8-886F-903AB59925CF}.Debug|Any CPU.ActiveCfg = Debug|Any CPU
		{5F8926D0-15DD-49B8-886F-903AB59925CF}.Debug|Any CPU.Build.0 = Debug|Any CPU
		{5F8926D0-15DD-49B8-886F-903AB59925CF}.Release|Any CPU.ActiveCfg = Release|Any CPU
		{5F8926D0-15DD-49B8-886F-903AB59925CF}.Release|Any CPU.Build.0 = Release|Any CPU
	EndGlobalSection
	GlobalSection(SolutionProperties) = preSolution
		HideSolutionNode = FALSE
	EndGlobalSection
	GlobalSection(ExtensibilityGlobals) = postSolution
		SolutionGuid = {D3B6AF04-CD24-4219-B0EB-1623F64CDE29}
	EndGlobalSection
EndGlobal
